{
    "_readme": [
        "This file locks the dependencies of your project to a known state",
        "Read more about it at http://getcomposer.org/doc/01-basic-usage.md#composer-lock-the-lock-file"
    ],
    "hash": "9d3ad8193c3f00a490ff79c6fc5beb2e",
    "packages": [
        {
            "name": "beberlei/assert",
            "version": "v1.7",
            "source": {
                "type": "git",
                "url": "https://github.com/beberlei/assert.git",
                "reference": "97515db6b6c8fb254f5c3ce5730cdfa5a1e3fbf4"
            },
            "dist": {
                "type": "zip",
                "url": "https://api.github.com/repos/beberlei/assert/zipball/97515db6b6c8fb254f5c3ce5730cdfa5a1e3fbf4",
                "reference": "97515db6b6c8fb254f5c3ce5730cdfa5a1e3fbf4",
                "shasum": ""
            },
            "require": {
                "ext-mbstring": "*"
            },
            "type": "library",
            "autoload": {
                "psr-0": {
                    "Assert": "lib/"
                }
            },
            "notification-url": "https://packagist.org/downloads/",
            "license": [
                "BSD-2-Clause"
            ],
            "authors": [
                {
                    "name": "Benjamin Eberlei",
                    "email": "kontakt@beberlei.de"
                }
            ],
            "description": "Thin assertion library for input validation in business models.",
            "keywords": [
                "assert",
                "assertion",
                "validation"
            ],
            "time": "2014-01-25 08:48:48"
        },
        {
            "name": "guzzle/guzzle",
            "version": "v3.8.1",
            "source": {
                "type": "git",
                "url": "https://github.com/guzzle/guzzle.git",
                "reference": "4de0618a01b34aa1c8c33a3f13f396dcd3882eba"
            },
            "dist": {
                "type": "zip",
                "url": "https://api.github.com/repos/guzzle/guzzle/zipball/4de0618a01b34aa1c8c33a3f13f396dcd3882eba",
                "reference": "4de0618a01b34aa1c8c33a3f13f396dcd3882eba",
                "shasum": ""
            },
            "require": {
                "ext-curl": "*",
                "php": ">=5.3.3",
                "symfony/event-dispatcher": ">=2.1"
            },
            "replace": {
                "guzzle/batch": "self.version",
                "guzzle/cache": "self.version",
                "guzzle/common": "self.version",
                "guzzle/http": "self.version",
                "guzzle/inflection": "self.version",
                "guzzle/iterator": "self.version",
                "guzzle/log": "self.version",
                "guzzle/parser": "self.version",
                "guzzle/plugin": "self.version",
                "guzzle/plugin-async": "self.version",
                "guzzle/plugin-backoff": "self.version",
                "guzzle/plugin-cache": "self.version",
                "guzzle/plugin-cookie": "self.version",
                "guzzle/plugin-curlauth": "self.version",
                "guzzle/plugin-error-response": "self.version",
                "guzzle/plugin-history": "self.version",
                "guzzle/plugin-log": "self.version",
                "guzzle/plugin-md5": "self.version",
                "guzzle/plugin-mock": "self.version",
                "guzzle/plugin-oauth": "self.version",
                "guzzle/service": "self.version",
                "guzzle/stream": "self.version"
            },
            "require-dev": {
                "doctrine/cache": "*",
                "monolog/monolog": "1.*",
                "phpunit/phpunit": "3.7.*",
                "psr/log": "1.0.*",
                "symfony/class-loader": "*",
                "zendframework/zend-cache": "<2.3",
                "zendframework/zend-log": "<2.3"
            },
            "type": "library",
            "extra": {
                "branch-alias": {
                    "dev-master": "3.8-dev"
                }
            },
            "autoload": {
                "psr-0": {
                    "Guzzle": "src/",
                    "Guzzle\\Tests": "tests/"
                }
            },
            "notification-url": "https://packagist.org/downloads/",
            "license": [
                "MIT"
            ],
            "authors": [
                {
                    "name": "Michael Dowling",
                    "email": "mtdowling@gmail.com",
                    "homepage": "https://github.com/mtdowling"
                },
                {
                    "name": "Guzzle Community",
                    "homepage": "https://github.com/guzzle/guzzle/contributors"
                }
            ],
            "description": "Guzzle is a PHP HTTP client library and framework for building RESTful web service clients",
            "homepage": "http://guzzlephp.org/",
            "keywords": [
                "client",
                "curl",
                "framework",
                "http",
                "http client",
                "rest",
                "web service"
            ],
            "time": "2014-01-28 22:29:15"
        },
        {
            "name": "symfony/event-dispatcher",
            "version": "v2.4.1",
            "target-dir": "Symfony/Component/EventDispatcher",
            "source": {
                "type": "git",
                "url": "https://github.com/symfony/EventDispatcher.git",
                "reference": "e3ba42f6a70554ed05749e61b829550f6ac33601"
            },
            "dist": {
                "type": "zip",
                "url": "https://api.github.com/repos/symfony/EventDispatcher/zipball/e3ba42f6a70554ed05749e61b829550f6ac33601",
                "reference": "e3ba42f6a70554ed05749e61b829550f6ac33601",
                "shasum": ""
            },
            "require": {
                "php": ">=5.3.3"
            },
            "require-dev": {
                "symfony/dependency-injection": "~2.0"
            },
            "suggest": {
                "symfony/dependency-injection": "",
                "symfony/http-kernel": ""
            },
            "type": "library",
            "extra": {
                "branch-alias": {
                    "dev-master": "2.4-dev"
                }
            },
            "autoload": {
                "psr-0": {
                    "Symfony\\Component\\EventDispatcher\\": ""
                }
            },
            "notification-url": "https://packagist.org/downloads/",
            "license": [
                "MIT"
            ],
            "authors": [
                {
                    "name": "Fabien Potencier",
                    "email": "fabien@symfony.com"
                },
                {
                    "name": "Symfony Community",
                    "homepage": "http://symfony.com/contributors"
                }
            ],
            "description": "Symfony EventDispatcher Component",
            "homepage": "http://symfony.com",
            "time": "2013-12-28 08:12:03"
        },
        {
            "name": "symfony/yaml",
            "version": "v2.4.1",
            "target-dir": "Symfony/Component/Yaml",
            "source": {
                "type": "git",
                "url": "https://github.com/symfony/Yaml.git",
                "reference": "4e1a237fc48145fae114b96458d799746ad89aa0"
            },
            "dist": {
                "type": "zip",
                "url": "https://api.github.com/repos/symfony/Yaml/zipball/4e1a237fc48145fae114b96458d799746ad89aa0",
                "reference": "4e1a237fc48145fae114b96458d799746ad89aa0",
                "shasum": ""
            },
            "require": {
                "php": ">=5.3.3"
            },
            "type": "library",
            "extra": {
                "branch-alias": {
                    "dev-master": "2.4-dev"
                }
            },
            "autoload": {
                "psr-0": {
                    "Symfony\\Component\\Yaml\\": ""
                }
            },
            "notification-url": "https://packagist.org/downloads/",
            "license": [
                "MIT"
            ],
            "authors": [
                {
                    "name": "Fabien Potencier",
                    "email": "fabien@symfony.com"
                },
                {
                    "name": "Symfony Community",
                    "homepage": "http://symfony.com/contributors"
                }
            ],
            "description": "Symfony Yaml Component",
            "homepage": "http://symfony.com",
            "time": "2013-12-28 08:12:03"
        }
    ],
    "packages-dev": [
        {
            "name": "lapistano/proxy-object",
            "version": "dev-master",
            "source": {
                "type": "git",
                "url": "https://github.com/lapistano/proxy-object.git",
                "reference": "bf26e21c32bd938f75c4ad43e10b65c1925f76a0"
            },
            "dist": {
                "type": "zip",
                "url": "https://api.github.com/repos/lapistano/proxy-object/zipball/bf26e21c32bd938f75c4ad43e10b65c1925f76a0",
                "reference": "bf26e21c32bd938f75c4ad43e10b65c1925f76a0",
                "shasum": ""
            },
            "require": {
                "php": ">=5.3.2"
            },
            "type": "library",
            "autoload": {
                "psr-0": {
                    "lapistano\\ProxyObject": "src/"
                }
            },
            "notification-url": "https://packagist.org/downloads/",
            "license": [
                "Apache 2.0"
            ],
            "authors": [
                {
                    "name": "Bastian Feder",
                    "email": "lapis@bastian-feder.de",
                    "homepage": "http://blog.bastian-feder.de"
                }
            ],
            "description": "A library that makes it much easier to generate a proxy of your system under test (SUT)",
            "homepage": "http://www.github.com/lapistano/proxy-object",
            "keywords": [
                "phpunit",
                "proxy-object",
                "testing"
            ],
            "time": "2013-06-18 14:58:18"
        },
        {
            "name": "mikey179/vfsStream",
            "version": "dev-master",
            "source": {
                "type": "git",
                "url": "https://github.com/mikey179/vfsStream.git",
                "reference": "2a5c0827aefd5e553097fa114bd8c141f308f769"
            },
            "dist": {
                "type": "zip",
                "url": "https://api.github.com/repos/mikey179/vfsStream/zipball/2a5c0827aefd5e553097fa114bd8c141f308f769",
                "reference": "2a5c0827aefd5e553097fa114bd8c141f308f769",
                "shasum": ""
            },
            "require": {
                "php": ">=5.3.0"
            },
            "require-dev": {
                "phpunit/phpunit": "~3.7"
            },
            "type": "library",
            "extra": {
                "branch-alias": {
                    "dev-master": "1.3.x-dev"
                }
            },
            "autoload": {
                "psr-0": {
                    "org\\bovigo\\vfs\\": "src/main/php"
                }
            },
            "notification-url": "https://packagist.org/downloads/",
            "license": [
                "BSD"
            ],
            "homepage": "http://vfs.bovigo.org/",
            "time": "2014-01-11 11:50:17"
        }
    ],
    "aliases": [

    ],
    "minimum-stability": "stable",
    "stability-flags": {
        "mikey179/vfsstream": 20,
        "lapistano/proxy-object": 20
    },
    "platform": {
        "ext-curl": "*"
    },
    "platform-dev": [

    ]
}
